
Microsoft Visual Studio Solution File, Format Version 12.00
# Visual Studio Version 17
VisualStudioVersion = 17.7.34024.191
MinimumVisualStudioVersion = 10.0.40219.1
Project("{F184B08F-C81C-45F6-A57F-5ABD9991F28F}") = "text", "text\text.vbproj", "{A21AAC76-90CC-4822-B9A5-2F8F6C3AB640}"
EndProject
Global
	GlobalSection(SolutionConfigurationPlatforms) = preSolution
		Debug|Any CPU = Debug|Any CPU
		Release|Any CPU = Release|Any CPU
	EndGlobalSection
	GlobalSection(ProjectConfigurationPlatforms) = postSolution
		{A21AAC76-90CC-4822-B9A5-2F8F6C3AB640}.Debug|Any CPU.ActiveCfg = Debug|Any CPU
		{A21AAC76-90CC-4822-B9A5-2F8F6C3AB640}.Debug|Any CPU.Build.0 = Debug|Any CPU
		{A21AAC76-90CC-4822-B9A5-2F8F6C3AB640}.Release|Any CPU.ActiveCfg = Release|Any CPU
		{A21AAC76-90CC-4822-B9A5-2F8F6C3AB640}.Release|Any CPU.Build.0 = Release|Any CPU
	EndGlobalSection
	GlobalSection(SolutionProperties) = preSolution
		HideSolutionNode = FALSE
	EndGlobalSection
	GlobalSection(ExtensibilityGlobals) = postSolution
		SolutionGuid = {4F5BE919-7DB0-4128-8F43-17AF89DFF5C2}
	EndGlobalSection
EndGlobal
